
Microsoft Visual Studio Solution File, Format Version 12.00
# Visual Studio Version 17
VisualStudioVersion = 17.3.32922.545
MinimumVisualStudioVersion = 10.0.40219.1
Project("{888888A0-9F3D-457C-B088-3A5042F75D52}") = "labs", "labs.pyproj", "{D285C947-8F5E-4BF5-BB0A-69C4BABE4FAD}"
EndProject
Global
	GlobalSection(SolutionConfigurationPlatforms) = preSolution
		Debug|Any CPU = Debug|Any CPU
		Release|Any CPU = Release|Any CPU
	EndGlobalSection
	GlobalSection(ProjectConfigurationPlatforms) = postSolution
		{D285C947-8F5E-4BF5-BB0A-69C4BABE4FAD}.Debug|Any CPU.ActiveCfg = Debug|Any CPU
		{D285C947-8F5E-4BF5-BB0A-69C4BABE4FAD}.Release|Any CPU.ActiveCfg = Release|Any CPU
	EndGlobalSection
	GlobalSection(SolutionProperties) = preSolution
		HideSolutionNode = FALSE
	EndGlobalSection
	GlobalSection(ExtensibilityGlobals) = postSolution
		SolutionGuid = {672117BD-1CE2-4C14-A6CF-D45D64F4BE84}
	EndGlobalSection
EndGlobal
